
Microsoft Visual Studio Solution File, Format Version 12.00
# Visual Studio Version 17
VisualStudioVersion = 17.10.34916.146
MinimumVisualStudioVersion = 10.0.40219.1
Project("{FAE04EC0-301F-11D3-BF4B-00C04F79EFBC}") = "ChatApi", "ChatApi\ChatApi.csproj", "{B8BB1923-CFB5-4B98-A92E-1DFD7184792A}"
EndProject
Project("{E53339B2-1760-4266-BCC7-CA923CBCF16C}") = "docker-compose", "docker-compose.dcproj", "{CEC79CEB-F49D-4EE5-B631-9DCC320BC152}"
EndProject
Project("{2150E333-8FDC-42A3-9474-1A3956D46DE8}") = "Infrastructure", "Infrastructure", "{9DBE0E1B-62BD-4461-859A-2E49D302CDE3}"
EndProject
Project("{9A19103F-16F7-4668-BE54-9A1E7A4F7556}") = "DatabaseControl", "DatabaseControl\DatabaseControl.csproj", "{EC8D41D7-5F4D-43CE-9553-7BE1BBE4716B}"
EndProject
Global
	GlobalSection(SolutionConfigurationPlatforms) = preSolution
		Debug|Any CPU = Debug|Any CPU
		Release|Any CPU = Release|Any CPU
	EndGlobalSection
	GlobalSection(ProjectConfigurationPlatforms) = postSolution
		{B8BB1923-CFB5-4B98-A92E-1DFD7184792A}.Debug|Any CPU.ActiveCfg = Debug|Any CPU
		{B8BB1923-CFB5-4B98-A92E-1DFD7184792A}.Debug|Any CPU.Build.0 = Debug|Any CPU
		{B8BB1923-CFB5-4B98-A92E-1DFD7184792A}.Release|Any CPU.ActiveCfg = Release|Any CPU
		{B8BB1923-CFB5-4B98-A92E-1DFD7184792A}.Release|Any CPU.Build.0 = Release|Any CPU
		{CEC79CEB-F49D-4EE5-B631-9DCC320BC152}.Debug|Any CPU.ActiveCfg = Debug|Any CPU
		{CEC79CEB-F49D-4EE5-B631-9DCC320BC152}.Debug|Any CPU.Build.0 = Debug|Any CPU
		{CEC79CEB-F49D-4EE5-B631-9DCC320BC152}.Release|Any CPU.ActiveCfg = Release|Any CPU
		{CEC79CEB-F49D-4EE5-B631-9DCC320BC152}.Release|Any CPU.Build.0 = Release|Any CPU
		{EC8D41D7-5F4D-43CE-9553-7BE1BBE4716B}.Debug|Any CPU.ActiveCfg = Debug|Any CPU
		{EC8D41D7-5F4D-43CE-9553-7BE1BBE4716B}.Debug|Any CPU.Build.0 = Debug|Any CPU
		{EC8D41D7-5F4D-43CE-9553-7BE1BBE4716B}.Release|Any CPU.ActiveCfg = Release|Any CPU
		{EC8D41D7-5F4D-43CE-9553-7BE1BBE4716B}.Release|Any CPU.Build.0 = Release|Any CPU
	EndGlobalSection
	GlobalSection(SolutionProperties) = preSolution
		HideSolutionNode = FALSE
	EndGlobalSection
	GlobalSection(NestedProjects) = preSolution
		{EC8D41D7-5F4D-43CE-9553-7BE1BBE4716B} = {9DBE0E1B-62BD-4461-859A-2E49D302CDE3}
	EndGlobalSection
	GlobalSection(ExtensibilityGlobals) = postSolution
		SolutionGuid = {E326DA13-2FBF-40FA-A20D-956F6E89A6F4}
	EndGlobalSection
EndGlobal
